
Microsoft Visual Studio Solution File, Format Version 12.00
# Visual Studio Version 17
VisualStudioVersion = 17.11.35431.28
MinimumVisualStudioVersion = 10.0.40219.1
Project("{FAE04EC0-301F-11D3-BF4B-00C04F79EFBC}") = "hydrogen2D", "hydrogen2D\hydrogen2D.csproj", "{D2032CD1-57AB-4B82-B9D2-BF06B35407C1}"
EndProject
Global
	GlobalSection(SolutionConfigurationPlatforms) = preSolution
		Debug|Any CPU = Debug|Any CPU
		Release|Any CPU = Release|Any CPU
	EndGlobalSection
	GlobalSection(ProjectConfigurationPlatforms) = postSolution
		{D2032CD1-57AB-4B82-B9D2-BF06B35407C1}.Debug|Any CPU.ActiveCfg = Debug|Any CPU
		{D2032CD1-57AB-4B82-B9D2-BF06B35407C1}.Debug|Any CPU.Build.0 = Debug|Any CPU
		{D2032CD1-57AB-4B82-B9D2-BF06B35407C1}.Release|Any CPU.ActiveCfg = Release|Any CPU
		{D2032CD1-57AB-4B82-B9D2-BF06B35407C1}.Release|Any CPU.Build.0 = Release|Any CPU
	EndGlobalSection
	GlobalSection(SolutionProperties) = preSolution
		HideSolutionNode = FALSE
	EndGlobalSection
	GlobalSection(ExtensibilityGlobals) = postSolution
		SolutionGuid = {48F2C137-AF68-4551-BAB1-6F9FB7DCE14D}
	EndGlobalSection
EndGlobal
